Microsoft Visual Studio Solution File, Format Version 12.00
# Visual Studio Version 16
VisualStudioVersion = 16.0.0.0
MinimumVisualStudioVersion = 16.0.0.0
Project("{9A19103F-16F7-4668-BE54-9A1E7A4F7556}") = "BlazorWasm.Server", "Server\BlazorWasm.Server.csproj", "{7420075E-3659-4C32-8A5C-E2A2F9F8BB97}"
EndProject
Project("{9A19103F-16F7-4668-BE54-9A1E7A4F7556}") = "BlazorWasm.Client", "Client\BlazorWasm.Client.csproj", "{DABEDF3E-AB4D-4993-92DE-82C1092BE503}"
EndProject
Project("{9A19103F-16F7-4668-BE54-9A1E7A4F7556}") = "BlazorWasm.Shared", "Shared\BlazorWasm.Shared.csproj", "{C5A6FBD5-C2E5-491A-B7C1-0C841A5EE965}"
EndProject
Global
	GlobalSection(SolutionConfigurationPlatforms) = preSolution
		Debug|Any CPU = Debug|Any CPU
		Debug|x64 = Debug|x64
		Debug|x86 = Debug|x86
		Release|Any CPU = Release|Any CPU
		Release|x64 = Release|x64
		Release|x86 = Release|x86
	EndGlobalSection
	GlobalSection(ProjectConfigurationPlatforms) = postSolution
		{7420075E-3659-4C32-8A5C-E2A2F9F8BB97}.Debug|Any CPU.ActiveCfg = Debug|Any CPU
		{7420075E-3659-4C32-8A5C-E2A2F9F8BB97}.Debug|Any CPU.Build.0 = Debug|Any CPU
		{7420075E-3659-4C32-8A5C-E2A2F9F8BB97}.Debug|x64.ActiveCfg = Debug|Any CPU
		{7420075E-3659-4C32-8A5C-E2A2F9F8BB97}.Debug|x64.Build.0 = Debug|Any CPU
		{7420075E-3659-4C32-8A5C-E2A2F9F8BB97}.Debug|x86.ActiveCfg = Debug|Any CPU
		{7420075E-3659-4C32-8A5C-E2A2F9F8BB97}.Debug|x86.Build.0 = Debug|Any CPU
		{7420075E-3659-4C32-8A5C-E2A2F9F8BB97}.Release|Any CPU.ActiveCfg = Release|Any CPU
		{7420075E-3659-4C32-8A5C-E2A2F9F8BB97}.Release|Any CPU.Build.0 = Release|Any CPU
		{7420075E-3659-4C32-8A5C-E2A2F9F8BB97}.Release|x64.ActiveCfg = Release|Any CPU
		{7420075E-3659-4C32-8A5C-E2A2F9F8BB97}.Release|x64.Build.0 = Release|Any CPU
		{7420075E-3659-4C32-8A5C-E2A2F9F8BB97}.Release|x86.ActiveCfg = Release|Any CPU
		{7420075E-3659-4C32-8A5C-E2A2F9F8BB97}.Release|x86.Build.0 = Release|Any CPU
		{DABEDF3E-AB4D-4993-92DE-82C1092BE503}.Debug|Any CPU.ActiveCfg = Debug|Any CPU
		{DABEDF3E-AB4D-4993-92DE-82C1092BE503}.Debug|Any CPU.Build.0 = Debug|Any CPU
		{DABEDF3E-AB4D-4993-92DE-82C1092BE503}.Debug|x64.ActiveCfg = Debug|Any CPU
		{DABEDF3E-AB4D-4993-92DE-82C1092BE503}.Debug|x64.Build.0 = Debug|Any CPU
		{DABEDF3E-AB4D-4993-92DE-82C1092BE503}.Debug|x86.ActiveCfg = Debug|Any CPU
		{DABEDF3E-AB4D-4993-92DE-82C1092BE503}.Debug|x86.Build.0 = Debug|Any CPU
		{DABEDF3E-AB4D-4993-92DE-82C1092BE503}.Release|Any CPU.ActiveCfg = Release|Any CPU
		{DABEDF3E-AB4D-4993-92DE-82C1092BE503}.Release|Any CPU.Build.0 = Release|Any CPU
		{DABEDF3E-AB4D-4993-92DE-82C1092BE503}.Release|x64.ActiveCfg = Release|Any CPU
		{DABEDF3E-AB4D-4993-92DE-82C1092BE503}.Release|x64.Build.0 = Release|Any CPU
		{DABEDF3E-AB4D-4993-92DE-82C1092BE503}.Release|x86.ActiveCfg = Release|Any CPU
		{DABEDF3E-AB4D-4993-92DE-82C1092BE503}.Release|x86.Build.0 = Release|Any CPU
		{C5A6FBD5-C2E5-491A-B7C1-0C841A5EE965}.Debug|Any CPU.ActiveCfg = Debug|Any CPU
		{C5A6FBD5-C2E5-491A-B7C1-0C841A5EE965}.Debug|Any CPU.Build.0 = Debug|Any CPU
		{C5A6FBD5-C2E5-491A-B7C1-0C841A5EE965}.Debug|x64.ActiveCfg = Debug|Any CPU
		{C5A6FBD5-C2E5-491A-B7C1-0C841A5EE965}.Debug|x64.Build.0 = Debug|Any CPU
		{C5A6FBD5-C2E5-491A-B7C1-0C841A5EE965}.Debug|x86.ActiveCfg = Debug|Any CPU
		{C5A6FBD5-C2E5-491A-B7C1-0C841A5EE965}.Debug|x86.Build.0 = Debug|Any CPU
		{C5A6FBD5-C2E5-491A-B7C1-0C841A5EE965}.Release|Any CPU.ActiveCfg = Release|Any CPU
		{C5A6FBD5-C2E5-491A-B7C1-0C841A5EE965}.Release|Any CPU.Build.0 = Release|Any CPU
		{C5A6FBD5-C2E5-491A-B7C1-0C841A5EE965}.Release|x64.ActiveCfg = Release|Any CPU
		{C5A6FBD5-C2E5-491A-B7C1-0C841A5EE965}.Release|x64.Build.0 = Release|Any CPU
		{C5A6FBD5-C2E5-491A-B7C1-0C841A5EE965}.Release|x86.ActiveCfg = Release|Any CPU
		{C5A6FBD5-C2E5-491A-B7C1-0C841A5EE965}.Release|x86.Build.0 = Release|Any CPU
	EndGlobalSection
	GlobalSection(SolutionProperties) = preSolution
		HideSolutionNode = FALSE
	EndGlobalSection
	GlobalSection(ExtensibilityGlobals) = postSolution
		SolutionGuid = {F98C407C-333D-44E2-9EA8-531555B3194B}
	EndGlobalSection
EndGlobal
